// !$*UTF8*$!
{
	archiveVersion = 1;
	classes = {
	};
	objectVersion = 46;
	objects = {

/* Begin PBXBuildFile section */
		4824D65B1B6C947500843A12 /* GameManager.cpp in Sources */ = {isa = PBXBuildFile; fileRef = 489954131B6C931500F4FA3D /* GameManager.cpp */; };
		4824D65C1B6C947B00843A12 /* GameManager.h in Sources */ = {isa = PBXBuildFile; fileRef = 489954141B6C931500F4FA3D /* GameManager.h */; };
		4824D65D1B6C947D00843A12 /* Player.cpp in Sources */ = {isa = PBXBuildFile; fileRef = 489954151B6C931500F4FA3D /* Player.cpp */; };
		4824D65E1B6C948300843A12 /* Player.h in Sources */ = {isa = PBXBuildFile; fileRef = 489954161B6C931500F4FA3D /* Player.h */; };
		4824D65F1B6C948600843A12 /* main.cpp in Sources */ = {isa = PBXBuildFile; fileRef = 489954171B6C931500F4FA3D /* main.cpp */; };
		4824D6601B6C948D00843A12 /* Texture.cpp in Sources */ = {isa = PBXBuildFile; fileRef = 489954181B6C931500F4FA3D /* Texture.cpp */; };
		4824D6611B6C949000843A12 /* Texture.h in Sources */ = {isa = PBXBuildFile; fileRef = 489954191B6C931500F4FA3D /* Texture.h */; };
		4824D6621B6C949600843A12 /* Timer.cpp in Sources */ = {isa = PBXBuildFile; fileRef = 4899541A1B6C931500F4FA3D /* Timer.cpp */; };
		4824D6631B6C949700843A12 /* Timer.h in Sources */ = {isa = PBXBuildFile; fileRef = 4899541B1B6C931500F4FA3D /* Timer.h */; };
		4824D6641B6C949900843A12 /* CEvent.h in Sources */ = {isa = PBXBuildFile; fileRef = 4899541C1B6C931500F4FA3D /* CEvent.h */; };
		48D7EA841B0958BB0041CA3E /* SDL2_image.framework in Frameworks */ = {isa = PBXBuildFile; fileRef = 48D7EA831B0958BB0041CA3E /* SDL2_image.framework */; };
		48D7EA861B0958F20041CA3E /* SDL2.framework in Frameworks */ = {isa = PBXBuildFile; fileRef = 48D7EA851B0958F20041CA3E /* SDL2.framework */; };
/* End PBXBuildFile section */

/* Begin PBXCopyFilesBuildPhase section */
		48D7EA771B0956070041CA3E /* CopyFiles */ = {
			isa = PBXCopyFilesBuildPhase;
			buildActionMask = 2147483647;
			dstPath = /usr/share/man/man1/;
			dstSubfolderSpec = 0;
			files = (
			);
			runOnlyForDeploymentPostprocessing = 1;
		};
/* End PBXCopyFilesBuildPhase section */

/* Begin PBXFileReference section */
		489954131B6C931500F4FA3D /* GameManager.cpp */ = {isa = PBXFileReference; lastKnownFileType = sourcecode.cpp.cpp; name = GameManager.cpp; path = "Elder Scrolls 2D/GameManager.cpp"; sourceTree = SOURCE_ROOT; };
		489954141B6C931500F4FA3D /* GameManager.h */ = {isa = PBXFileReference; lastKnownFileType = sourcecode.c.h; name = GameManager.h; path = "Elder Scrolls 2D/GameManager.h"; sourceTree = SOURCE_ROOT; };
		489954151B6C931500F4FA3D /* Player.cpp */ = {isa = PBXFileReference; lastKnownFileType = sourcecode.cpp.cpp; name = Player.cpp; path = "Elder Scrolls 2D/Player.cpp"; sourceTree = SOURCE_ROOT; };
		489954161B6C931500F4FA3D /* Player.h */ = {isa = PBXFileReference; lastKnownFileType = sourcecode.c.h; name = Player.h; path = "Elder Scrolls 2D/Player.h"; sourceTree = SOURCE_ROOT; };
		489954171B6C931500F4FA3D /* main.cpp */ = {isa = PBXFileReference; lastKnownFileType = sourcecode.cpp.cpp; name = main.cpp; path = "Elder Scrolls 2D/main.cpp"; sourceTree = SOURCE_ROOT; };
		489954181B6C931500F4FA3D /* Texture.cpp */ = {isa = PBXFileReference; lastKnownFileType = sourcecode.cpp.cpp; name = Texture.cpp; path = "Elder Scrolls 2D/Texture.cpp"; sourceTree = SOURCE_ROOT; };
		489954191B6C931500F4FA3D /* Texture.h */ = {isa = PBXFileReference; lastKnownFileType = sourcecode.c.h; name = Texture.h; path = "Elder Scrolls 2D/Texture.h"; sourceTree = SOURCE_ROOT; };
		4899541A1B6C931500F4FA3D /* Timer.cpp */ = {isa = PBXFileReference; lastKnownFileType = sourcecode.cpp.cpp; name = Timer.cpp; path = "Elder Scrolls 2D/Timer.cpp"; sourceTree = SOURCE_ROOT; };
		4899541B1B6C931500F4FA3D /* Timer.h */ = {isa = PBXFileReference; lastKnownFileType = sourcecode.c.h; name = Timer.h; path = "Elder Scrolls 2D/Timer.h"; sourceTree = SOURCE_ROOT; };
		4899541C1B6C931500F4FA3D /* CEvent.h */ = {isa = PBXFileReference; lastKnownFileType = sourcecode.c.h; name = CEvent.h; path = "Elder Scrolls 2D/CEvent.h"; sourceTree = SOURCE_ROOT; };
		48D7EA791B0956070041CA3E /* The Elder Scrolls 2D */ = {isa = PBXFileReference; explicitFileType = "compiled.mach-o.executable"; includeInIndex = 0; path = "The Elder Scrolls 2D"; sourceTree = BUILT_PRODUCTS_DIR; };
		48D7EA831B0958BB0041CA3E /* SDL2_image.framework */ = {isa = PBXFileReference; lastKnownFileType = wrapper.framework; name = SDL2_image.framework; path = ../../../../Library/Frameworks/SDL2_image.framework; sourceTree = "<group>"; };
		48D7EA851B0958F20041CA3E /* SDL2.framework */ = {isa = PBXFileReference; lastKnownFileType = wrapper.framework; name = SDL2.framework; path = ../../../../Library/Frameworks/SDL2.framework; sourceTree = "<group>"; };
/* End PBXFileReference section */

/* Begin PBXFrameworksBuildPhase section */
		48D7EA761B0956070041CA3E /* Frameworks */ = {
			isa = PBXFrameworksBuildPhase;
			buildActionMask = 2147483647;
			files = (
				48D7EA861B0958F20041CA3E /* SDL2.framework in Frameworks */,
				48D7EA841B0958BB0041CA3E /* SDL2_image.framework in Frameworks */,
			);
			runOnlyForDeploymentPostprocessing = 0;
		};
/* End PBXFrameworksBuildPhase section */

/* Begin PBXGroup section */
		48D7EA701B0956070041CA3E = {
			isa = PBXGroup;
			children = (
				48D7EA851B0958F20041CA3E /* SDL2.framework */,
				48D7EA831B0958BB0041CA3E /* SDL2_image.framework */,
				48D7EA7B1B0956070041CA3E /* The Elder Scrolls 2D */,
				48D7EA7A1B0956070041CA3E /* Products */,
			);
			sourceTree = "<group>";
		};
		48D7EA7A1B0956070041CA3E /* Products */ = {
			isa = PBXGroup;
			children = (
				48D7EA791B0956070041CA3E /* The Elder Scrolls 2D */,
			);
			name = Products;
			sourceTree = "<group>";
		};
		48D7EA7B1B0956070041CA3E /* The Elder Scrolls 2D */ = {
			isa = PBXGroup;
			children = (
				489954131B6C931500F4FA3D /* GameManager.cpp */,
				489954141B6C931500F4FA3D /* GameManager.h */,
				489954151B6C931500F4FA3D /* Player.cpp */,
				489954161B6C931500F4FA3D /* Player.h */,
				489954171B6C931500F4FA3D /* main.cpp */,
				489954181B6C931500F4FA3D /* Texture.cpp */,
				489954191B6C931500F4FA3D /* Texture.h */,
				4899541A1B6C931500F4FA3D /* Timer.cpp */,
				4899541B1B6C931500F4FA3D /* Timer.h */,
				4899541C1B6C931500F4FA3D /* CEvent.h */,
				48FE01621B6C30FB0075AA77 /* Old Files */,
			);
			name = "The Elder Scrolls 2D";
			path = "Space Invaders";
			sourceTree = "<group>";
		};
		48FE01621B6C30FB0075AA77 /* Old Files */ = {
			isa = PBXGroup;
			children = (
			);
			name = "Old Files";
			sourceTree = "<group>";
		};
/* End PBXGroup section */

/* Begin PBXNativeTarget section */
		48D7EA781B0956070041CA3E /* The Elder Scrolls 2D */ = {
			isa = PBXNativeTarget;
			buildConfigurationList = 48D7EA801B0956070041CA3E /* Build configuration list for PBXNativeTarget "The Elder Scrolls 2D" */;
			buildPhases = (
				48D7EA751B0956070041CA3E /* Sources */,
				48D7EA761B0956070041CA3E /* Frameworks */,
				48D7EA771B0956070041CA3E /* CopyFiles */,
			);
			buildRules = (
			);
			dependencies = (
			);
			name = "The Elder Scrolls 2D";
			productName = "Space Invaders";
			productReference = 48D7EA791B0956070041CA3E /* The Elder Scrolls 2D */;
			productType = "com.apple.product-type.tool";
		};
/* End PBXNativeTarget section */

/* Begin PBXProject section */
		48D7EA711B0956070041CA3E /* Project object */ = {
			isa = PBXProject;
			attributes = {
				LastUpgradeCheck = 0630;
				ORGANIZATIONNAME = "Ramy Fawaz";
				TargetAttributes = {
					48D7EA781B0956070041CA3E = {
						CreatedOnToolsVersion = 6.3.1;
					};
				};
			};
			buildConfigurationList = 48D7EA741B0956070041CA3E /* Build configuration list for PBXProject "The Elder Scrolls 2D" */;
			compatibilityVersion = "Xcode 3.2";
			developmentRegion = English;
			hasScannedForEncodings = 0;
			knownRegions = (
				en,
			);
			mainGroup = 48D7EA701B0956070041CA3E;
			productRefGroup = 48D7EA7A1B0956070041CA3E /* Products */;
			projectDirPath = "";
			projectRoot = "";
			targets = (
				48D7EA781B0956070041CA3E /* The Elder Scrolls 2D */,
			);
		};
/* End PBXProject section */

/* Begin PBXSourcesBuildPhase section */
		48D7EA751B0956070041CA3E /* Sources */ = {
			isa = PBXSourcesBuildPhase;
			buildActionMask = 2147483647;
			files = (
				4824D65F1B6C948600843A12 /* main.cpp in Sources */,
				4824D65B1B6C947500843A12 /* GameManager.cpp in Sources */,
				4824D65C1B6C947B00843A12 /* GameManager.h in Sources */,
				4824D65E1B6C948300843A12 /* Player.h in Sources */,
				4824D6611B6C949000843A12 /* Texture.h in Sources */,
				4824D6641B6C949900843A12 /* CEvent.h in Sources */,
				4824D6621B6C949600843A12 /* Timer.cpp in Sources */,
				4824D6631B6C949700843A12 /* Timer.h in Sources */,
				4824D6601B6C948D00843A12 /* Texture.cpp in Sources */,
				4824D65D1B6C947D00843A12 /* Player.cpp in Sources */,
			);
			runOnlyForDeploymentPostprocessing = 0;
		};
/* End PBXSourcesBuildPhase section */

/* Begin XCBuildConfiguration section */
		48D7EA7E1B0956070041CA3E /* Debug */ = {
			isa = XCBuildConfiguration;
			buildSettings = {
				ALWAYS_SEARCH_USER_PATHS = NO;
				CLANG_CXX_LANGUAGE_STANDARD = "gnu++0x";
				CLANG_CXX_LIBRARY = "libc++";
				CLANG_ENABLE_MODULES = YES;
				CLANG_ENABLE_OBJC_ARC = YES;
				CLANG_WARN_BOOL_CONVERSION = YES;
				CLANG_WARN_CONSTANT_CONVERSION = YES;
				CLANG_WARN_DIRECT_OBJC_ISA_USAGE = YES_ERROR;
				CLANG_WARN_EMPTY_BODY = YES;
				CLANG_WARN_ENUM_CONVERSION = YES;
				CLANG_WARN_INT_CONVERSION = YES;
				CLANG_WARN_OBJC_ROOT_CLASS = YES_ERROR;
				CLANG_WARN_UNREACHABLE_CODE = YES;
				CLANG_WARN__DUPLICATE_METHOD_MATCH = YES;
				COPY_PHASE_STRIP = NO;
				DEBUG_INFORMATION_FORMAT = dwarf;
				ENABLE_STRICT_OBJC_MSGSEND = YES;
				GCC_C_LANGUAGE_STANDARD = gnu99;
				GCC_DYNAMIC_NO_PIC = NO;
				GCC_NO_COMMON_BLOCKS = YES;
				GCC_OPTIMIZATION_LEVEL = 0;
				GCC_PREPROCESSOR_DEFINITIONS = (
					"DEBUG=1",
					"$(inherited)",
				);
				GCC_SYMBOLS_PRIVATE_EXTERN = NO;
				GCC_WARN_64_TO_32_BIT_CONVERSION = YES;
				GCC_WARN_ABOUT_RETURN_TYPE = YES_ERROR;
				GCC_WARN_UNDECLARED_SELECTOR = YES;
				GCC_WARN_UNINITIALIZED_AUTOS = YES_AGGRESSIVE;
				GCC_WARN_UNUSED_FUNCTION = YES;
				GCC_WARN_UNUSED_VARIABLE = YES;
				MACOSX_DEPLOYMENT_TARGET = 10.10;
				MTL_ENABLE_DEBUG_INFO = YES;
				ONLY_ACTIVE_ARCH = YES;
				SDKROOT = macosx;
			};
			name = Debug;
		};
		48D7EA7F1B0956070041CA3E /* Release */ = {
			isa = XCBuildConfiguration;
			buildSettings = {
				ALWAYS_SEARCH_USER_PATHS = NO;
				CLANG_CXX_LANGUAGE_STANDARD = "gnu++0x";
				CLANG_CXX_LIBRARY = "libc++";
				CLANG_ENABLE_MODULES = YES;
				CLANG_ENABLE_OBJC_ARC = YES;
				CLANG_WARN_BOOL_CONVERSION = YES;
				CLANG_WARN_CONSTANT_CONVERSION = YES;
				CLANG_WARN_DIRECT_OBJC_ISA_USAGE = YES_ERROR;
				CLANG_WARN_EMPTY_BODY = YES;
				CLANG_WARN_ENUM_CONVERSION = YES;
				CLANG_WARN_INT_CONVERSION = YES;
				CLANG_WARN_OBJC_ROOT_CLASS = YES_ERROR;
				CLANG_WARN_UNREACHABLE_CODE = YES;
				CLANG_WARN__DUPLICATE_METHOD_MATCH = YES;
				COPY_PHASE_STRIP = NO;
				DEBUG_INFORMATION_FORMAT = "dwarf-with-dsym";
				ENABLE_NS_ASSERTIONS = NO;
				ENABLE_STRICT_OBJC_MSGSEND = YES;
				GCC_C_LANGUAGE_STANDARD = gnu99;
				GCC_NO_COMMON_BLOCKS = YES;
				GCC_WARN_64_TO_32_BIT_CONVERSION = YES;
				GCC_WARN_ABOUT_RETURN_TYPE = YES_ERROR;
				GCC_WARN_UNDECLARED_SELECTOR = YES;
				GCC_WARN_UNINITIALIZED_AUTOS = YES_AGGRESSIVE;
				GCC_WARN_UNUSED_FUNCTION = YES;
				GCC_WARN_UNUSED_VARIABLE = YES;
				MACOSX_DEPLOYMENT_TARGET = 10.10;
				MTL_ENABLE_DEBUG_INFO = NO;
				SDKROOT = macosx;
			};
			name = Release;
		};
		48D7EA811B0956070041CA3E /* Debug */ = {
			isa = XCBuildConfiguration;
			buildSettings = {
				FRAMEWORK_SEARCH_PATHS = (
					"$(inherited)",
					"$(LOCAL_LIBRARY_DIR)/Frameworks",
				);
				PRODUCT_NAME = "The Elder Scrolls 2D";
			};
			name = Debug;
		};
		48D7EA821B0956070041CA3E /* Release */ = {
			isa = XCBuildConfiguration;
			buildSettings = {
				FRAMEWORK_SEARCH_PATHS = (
					"$(inherited)",
					"$(LOCAL_LIBRARY_DIR)/Frameworks",
				);
				PRODUCT_NAME = "The Elder Scrolls 2D";
			};
			name = Release;
		};
/* End XCBuildConfiguration section */

/* Begin XCConfigurationList section */
		48D7EA741B0956070041CA3E /* Build configuration list for PBXProject "The Elder Scrolls 2D" */ = {
			isa = XCConfigurationList;
			buildConfigurations = (
				48D7EA7E1B0956070041CA3E /* Debug */,
				48D7EA7F1B0956070041CA3E /* Release */,
			);
			defaultConfigurationIsVisible = 0;
			defaultConfigurationName = Release;
		};
		48D7EA801B0956070041CA3E /* Build configuration list for PBXNativeTarget "The Elder Scrolls 2D" */ = {
			isa = XCConfigurationList;
			buildConfigurations = (
				48D7EA811B0956070041CA3E /* Debug */,
				48D7EA821B0956070041CA3E /* Release */,
			);
			defaultConfigurationIsVisible = 0;
			defaultConfigurationName = Release;
		};
/* End XCConfigurationList section */
	};
	rootObject = 48D7EA711B0956070041CA3E /* Project object */;
}
